
Microsoft Visual Studio Solution File, Format Version 12.00
# Visual Studio Version 16
VisualStudioVersion = 16.0.29418.71
MinimumVisualStudioVersion = 10.0.40219.1
Project("{FAE04EC0-301F-11D3-BF4B-00C04F79EFBC}") = "Publisher", "Publisher\Publisher.csproj", "{034E9716-B962-486F-B97B-C49893480952}"
EndProject
Project("{FAE04EC0-301F-11D3-BF4B-00C04F79EFBC}") = "Worker", "Worker\Worker.csproj", "{785A9481-C75B-4B50-973A-34E5D0477482}"
EndProject
Global
	GlobalSection(SolutionConfigurationPlatforms) = preSolution
		Debug|Any CPU = Debug|Any CPU
		Release|Any CPU = Release|Any CPU
	EndGlobalSection
	GlobalSection(ProjectConfigurationPlatforms) = postSolution
		{034E9716-B962-486F-B97B-C49893480952}.Debug|Any CPU.ActiveCfg = Debug|Any CPU
		{034E9716-B962-486F-B97B-C49893480952}.Debug|Any CPU.Build.0 = Debug|Any CPU
		{034E9716-B962-486F-B97B-C49893480952}.Release|Any CPU.ActiveCfg = Release|Any CPU
		{034E9716-B962-486F-B97B-C49893480952}.Release|Any CPU.Build.0 = Release|Any CPU
		{785A9481-C75B-4B50-973A-34E5D0477482}.Debug|Any CPU.ActiveCfg = Debug|Any CPU
		{785A9481-C75B-4B50-973A-34E5D0477482}.Debug|Any CPU.Build.0 = Debug|Any CPU
		{785A9481-C75B-4B50-973A-34E5D0477482}.Release|Any CPU.ActiveCfg = Release|Any CPU
		{785A9481-C75B-4B50-973A-34E5D0477482}.Release|Any CPU.Build.0 = Release|Any CPU
	EndGlobalSection
	GlobalSection(SolutionProperties) = preSolution
		HideSolutionNode = FALSE
	EndGlobalSection
	GlobalSection(ExtensibilityGlobals) = postSolution
		SolutionGuid = {DF5C14BD-16D8-4075-9290-27F60DE9A557}
	EndGlobalSection
EndGlobal
